
Microsoft Visual Studio Solution File, Format Version 12.00
# Visual Studio 14
VisualStudioVersion = 14.0.25420.1
MinimumVisualStudioVersion = 10.0.40219.1
Project("{FAE04EC0-301F-11D3-BF4B-00C04F79EFBC}") = "Weighing", "GetWeightValues\Weighing.csproj", "{8CFD142B-8900-4339-B0C2-DAC81CD9EF0F}"
EndProject
Project("{FAE04EC0-301F-11D3-BF4B-00C04F79EFBC}") = "WebServiceInfrastructure", "WebServiceInfrastructure\WebServiceInfrastructure.csproj", "{E1AC9203-B641-4244-A1FC-17B296032123}"
EndProject
Project("{FAE04EC0-301F-11D3-BF4B-00C04F79EFBC}") = "Session", "Session\Session.csproj", "{421AC493-FDD9-4D0C-9FF9-84812DF46E88}"
EndProject
Project("{FAE04EC0-301F-11D3-BF4B-00C04F79EFBC}") = "DosingAutomation", "DosingAutomation\DosingAutomation.csproj", "{42FBECC6-9B6F-4027-8490-F9C2B4D232E5}"
EndProject
Project("{FAE04EC0-301F-11D3-BF4B-00C04F79EFBC}") = "Authentication", "Authentication\Authentication.csproj", "{77F3BF54-135F-47A5-82B0-5C5507FA55C4}"
EndProject
Global
	GlobalSection(SolutionConfigurationPlatforms) = preSolution
		Debug|Any CPU = Debug|Any CPU
		Release|Any CPU = Release|Any CPU
	EndGlobalSection
	GlobalSection(ProjectConfigurationPlatforms) = postSolution
		{8CFD142B-8900-4339-B0C2-DAC81CD9EF0F}.Debug|Any CPU.ActiveCfg = Debug|Any CPU
		{8CFD142B-8900-4339-B0C2-DAC81CD9EF0F}.Debug|Any CPU.Build.0 = Debug|Any CPU
		{8CFD142B-8900-4339-B0C2-DAC81CD9EF0F}.Release|Any CPU.ActiveCfg = Release|Any CPU
		{8CFD142B-8900-4339-B0C2-DAC81CD9EF0F}.Release|Any CPU.Build.0 = Release|Any CPU
		{E1AC9203-B641-4244-A1FC-17B296032123}.Debug|Any CPU.ActiveCfg = Debug|Any CPU
		{E1AC9203-B641-4244-A1FC-17B296032123}.Debug|Any CPU.Build.0 = Debug|Any CPU
		{E1AC9203-B641-4244-A1FC-17B296032123}.Release|Any CPU.ActiveCfg = Release|Any CPU
		{E1AC9203-B641-4244-A1FC-17B296032123}.Release|Any CPU.Build.0 = Release|Any CPU
		{421AC493-FDD9-4D0C-9FF9-84812DF46E88}.Debug|Any CPU.ActiveCfg = Debug|Any CPU
		{421AC493-FDD9-4D0C-9FF9-84812DF46E88}.Debug|Any CPU.Build.0 = Debug|Any CPU
		{421AC493-FDD9-4D0C-9FF9-84812DF46E88}.Release|Any CPU.ActiveCfg = Release|Any CPU
		{421AC493-FDD9-4D0C-9FF9-84812DF46E88}.Release|Any CPU.Build.0 = Release|Any CPU
		{42FBECC6-9B6F-4027-8490-F9C2B4D232E5}.Debug|Any CPU.ActiveCfg = Debug|Any CPU
		{42FBECC6-9B6F-4027-8490-F9C2B4D232E5}.Debug|Any CPU.Build.0 = Debug|Any CPU
		{42FBECC6-9B6F-4027-8490-F9C2B4D232E5}.Release|Any CPU.ActiveCfg = Release|Any CPU
		{42FBECC6-9B6F-4027-8490-F9C2B4D232E5}.Release|Any CPU.Build.0 = Release|Any CPU
		{77F3BF54-135F-47A5-82B0-5C5507FA55C4}.Debug|Any CPU.ActiveCfg = Debug|Any CPU
		{77F3BF54-135F-47A5-82B0-5C5507FA55C4}.Debug|Any CPU.Build.0 = Debug|Any CPU
		{77F3BF54-135F-47A5-82B0-5C5507FA55C4}.Release|Any CPU.ActiveCfg = Release|Any CPU
		{77F3BF54-135F-47A5-82B0-5C5507FA55C4}.Release|Any CPU.Build.0 = Release|Any CPU
	EndGlobalSection
	GlobalSection(SolutionProperties) = preSolution
		HideSolutionNode = FALSE
	EndGlobalSection
	GlobalSection(ExtensibilityGlobals) = postSolution
		SolutionGuid = {ACAFE35C-A1BD-43C7-8ECB-A73AD0CC9CCA}
	EndGlobalSection
EndGlobal
